
Microsoft Visual Studio Solution File, Format Version 12.00
# Visual Studio Version 17
VisualStudioVersion = 17.14.36603.0
MinimumVisualStudioVersion = 10.0.40219.1
Project("{8BC9CEB8-8B4A-11D0-8D11-00A0C91BC942}") = "Строки С", "Строки С\Строки С.vcxproj", "{5C09F890-1645-4B7A-AA52-82DBE3AF1DBF}"
EndProject
Project("{8BC9CEB8-8B4A-11D0-8D11-00A0C91BC942}") = "char zvezda tests", "char zvezda tests\char zvezda tests.vcxproj", "{8CACF7A6-B9B5-427C-A16C-94F48FF90240}"
EndProject
Global
	GlobalSection(SolutionConfigurationPlatforms) = preSolution
		Debug|x64 = Debug|x64
		Debug|x86 = Debug|x86
		Release|x64 = Release|x64
		Release|x86 = Release|x86
	EndGlobalSection
	GlobalSection(ProjectConfigurationPlatforms) = postSolution
		{5C09F890-1645-4B7A-AA52-82DBE3AF1DBF}.Debug|x64.ActiveCfg = Debug|x64
		{5C09F890-1645-4B7A-AA52-82DBE3AF1DBF}.Debug|x64.Build.0 = Debug|x64
		{5C09F890-1645-4B7A-AA52-82DBE3AF1DBF}.Debug|x86.ActiveCfg = Debug|Win32
		{5C09F890-1645-4B7A-AA52-82DBE3AF1DBF}.Debug|x86.Build.0 = Debug|Win32
		{5C09F890-1645-4B7A-AA52-82DBE3AF1DBF}.Release|x64.ActiveCfg = Release|x64
		{5C09F890-1645-4B7A-AA52-82DBE3AF1DBF}.Release|x64.Build.0 = Release|x64
		{5C09F890-1645-4B7A-AA52-82DBE3AF1DBF}.Release|x86.ActiveCfg = Release|Win32
		{5C09F890-1645-4B7A-AA52-82DBE3AF1DBF}.Release|x86.Build.0 = Release|Win32
		{8CACF7A6-B9B5-427C-A16C-94F48FF90240}.Debug|x64.ActiveCfg = Debug|x64
		{8CACF7A6-B9B5-427C-A16C-94F48FF90240}.Debug|x64.Build.0 = Debug|x64
		{8CACF7A6-B9B5-427C-A16C-94F48FF90240}.Debug|x86.ActiveCfg = Debug|Win32
		{8CACF7A6-B9B5-427C-A16C-94F48FF90240}.Debug|x86.Build.0 = Debug|Win32
		{8CACF7A6-B9B5-427C-A16C-94F48FF90240}.Release|x64.ActiveCfg = Release|x64
		{8CACF7A6-B9B5-427C-A16C-94F48FF90240}.Release|x64.Build.0 = Release|x64
		{8CACF7A6-B9B5-427C-A16C-94F48FF90240}.Release|x86.ActiveCfg = Release|Win32
		{8CACF7A6-B9B5-427C-A16C-94F48FF90240}.Release|x86.Build.0 = Release|Win32
	EndGlobalSection
	GlobalSection(SolutionProperties) = preSolution
		HideSolutionNode = FALSE
	EndGlobalSection
	GlobalSection(ExtensibilityGlobals) = postSolution
		SolutionGuid = {5EDDBFFE-203E-4919-92FD-1E55CAF3BA99}
	EndGlobalSection
EndGlobal
